// !$*UTF8*$!
{
	archiveVersion = 1;
	classes = {
	};
	objectVersion = 77;
	objects = {

/* Begin PBXBuildFile section */
		472EF0A2F379206A62AF0BCB /* Pods_unitTestTests.framework in Frameworks */ = {isa = PBXBuildFile; fileRef = B424F647785F7A38866E075A /* Pods_unitTestTests.framework */; };
		A13D7BAD42B1541ACFDF0666 /* Pods_unitTest.framework in Frameworks */ = {isa = PBXBuildFile; fileRef = 7342751EAC2918BD9E209223 /* Pods_unitTest.framework */; };
		CF50467640B066F1C0D40A28 /* Pods_unitTest_unitTestUITests.framework in Frameworks */ = {isa = PBXBuildFile; fileRef = DBC24A3918B6002D136D83EA /* Pods_unitTest_unitTestUITests.framework */; };
/* End PBXBuildFile section */

/* Begin PBXContainerItemProxy section */
		8D9ED6272D79A0CD00AB3875 /* PBXContainerItemProxy */ = {
			isa = PBXContainerItemProxy;
			containerPortal = 8D9ED6082D79A0CB00AB3875 /* Project object */;
			proxyType = 1;
			remoteGlobalIDString = 8D9ED60F2D79A0CB00AB3875;
			remoteInfo = unitTest;
		};
		8D9ED6312D79A0CD00AB3875 /* PBXContainerItemProxy */ = {
			isa = PBXContainerItemProxy;
			containerPortal = 8D9ED6082D79A0CB00AB3875 /* Project object */;
			proxyType = 1;
			remoteGlobalIDString = 8D9ED60F2D79A0CB00AB3875;
			remoteInfo = unitTest;
		};
/* End PBXContainerItemProxy section */

/* Begin PBXFileReference section */
		7342751EAC2918BD9E209223 /* Pods_unitTest.framework */ = {isa = PBXFileReference; explicitFileType = wrapper.framework; includeInIndex = 0; path = Pods_unitTest.framework; sourceTree = BUILT_PRODUCTS_DIR; };
		73A2D46D0DD13E03827C68F6 /* Pods-unitTest-unitTestUITests.debug.xcconfig */ = {isa = PBXFileReference; includeInIndex = 1; lastKnownFileType = text.xcconfig; name = "Pods-unitTest-unitTestUITests.debug.xcconfig"; path = "Target Support Files/Pods-unitTest-unitTestUITests/Pods-unitTest-unitTestUITests.debug.xcconfig"; sourceTree = "<group>"; };
		7F80EF437957B0CA7C31CAFB /* Pods-unitTestTests.release.xcconfig */ = {isa = PBXFileReference; includeInIndex = 1; lastKnownFileType = text.xcconfig; name = "Pods-unitTestTests.release.xcconfig"; path = "Target Support Files/Pods-unitTestTests/Pods-unitTestTests.release.xcconfig"; sourceTree = "<group>"; };
		8D9ED6102D79A0CB00AB3875 /* unitTest.app */ = {isa = PBXFileReference; explicitFileType = wrapper.application; includeInIndex = 0; path = unitTest.app; sourceTree = BUILT_PRODUCTS_DIR; };
		8D9ED6262D79A0CD00AB3875 /* unitTestTests.xctest */ = {isa = PBXFileReference; explicitFileType = wrapper.cfbundle; includeInIndex = 0; path = unitTestTests.xctest; sourceTree = BUILT_PRODUCTS_DIR; };
		8D9ED6302D79A0CD00AB3875 /* unitTestUITests.xctest */ = {isa = PBXFileReference; explicitFileType = wrapper.cfbundle; includeInIndex = 0; path = unitTestUITests.xctest; sourceTree = BUILT_PRODUCTS_DIR; };
		95FF8C68C8BF34AE858EB1D9 /* Pods-unitTestTests.debug.xcconfig */ = {isa = PBXFileReference; includeInIndex = 1; lastKnownFileType = text.xcconfig; name = "Pods-unitTestTests.debug.xcconfig"; path = "Target Support Files/Pods-unitTestTests/Pods-unitTestTests.debug.xcconfig"; sourceTree = "<group>"; };
		9B8158FAB9ACA693AC99AC24 /* Pods-unitTest.debug.xcconfig */ = {isa = PBXFileReference; includeInIndex = 1; lastKnownFileType = text.xcconfig; name = "Pods-unitTest.debug.xcconfig"; path = "Target Support Files/Pods-unitTest/Pods-unitTest.debug.xcconfig"; sourceTree = "<group>"; };
		B424F647785F7A38866E075A /* Pods_unitTestTests.framework */ = {isa = PBXFileReference; explicitFileType = wrapper.framework; includeInIndex = 0; path = Pods_unitTestTests.framework; sourceTree = BUILT_PRODUCTS_DIR; };
		B57D3C613F9B47B9FFCD4E37 /* Pods-unitTest-unitTestUITests.release.xcconfig */ = {isa = PBXFileReference; includeInIndex = 1; lastKnownFileType = text.xcconfig; name = "Pods-unitTest-unitTestUITests.release.xcconfig"; path = "Target Support Files/Pods-unitTest-unitTestUITests/Pods-unitTest-unitTestUITests.release.xcconfig"; sourceTree = "<group>"; };
		DBC24A3918B6002D136D83EA /* Pods_unitTest_unitTestUITests.framework */ = {isa = PBXFileReference; explicitFileType = wrapper.framework; includeInIndex = 0; path = Pods_unitTest_unitTestUITests.framework; sourceTree = BUILT_PRODUCTS_DIR; };
		F7DE708BC7B14A1FBA40979A /* Pods-unitTest.release.xcconfig */ = {isa = PBXFileReference; includeInIndex = 1; lastKnownFileType = text.xcconfig; name = "Pods-unitTest.release.xcconfig"; path = "Target Support Files/Pods-unitTest/Pods-unitTest.release.xcconfig"; sourceTree = "<group>"; };
/* End PBXFileReference section */

/* Begin PBXFileSystemSynchronizedBuildFileExceptionSet section */
		8D9ED6382D79A0CD00AB3875 /* Exceptions for "unitTest" folder in "unitTest" target */ = {
			isa = PBXFileSystemSynchronizedBuildFileExceptionSet;
			membershipExceptions = (
				Info.plist,
			);
			target = 8D9ED60F2D79A0CB00AB3875 /* unitTest */;
		};
/* End PBXFileSystemSynchronizedBuildFileExceptionSet section */

/* Begin PBXFileSystemSynchronizedRootGroup section */
		8D9ED6122D79A0CB00AB3875 /* unitTest */ = {
			isa = PBXFileSystemSynchronizedRootGroup;
			exceptions = (
				8D9ED6382D79A0CD00AB3875 /* Exceptions for "unitTest" folder in "unitTest" target */,
			);
			path = unitTest;
			sourceTree = "<group>";
		};
		8D9ED6292D79A0CD00AB3875 /* unitTestTests */ = {
			isa = PBXFileSystemSynchronizedRootGroup;
			path = unitTestTests;
			sourceTree = "<group>";
		};
		8D9ED6332D79A0CD00AB3875 /* unitTestUITests */ = {
			isa = PBXFileSystemSynchronizedRootGroup;
			path = unitTestUITests;
			sourceTree = "<group>";
		};
/* End PBXFileSystemSynchronizedRootGroup section */

/* Begin PBXFrameworksBuildPhase section */
		8D9ED60D2D79A0CB00AB3875 /* Frameworks */ = {
			isa = PBXFrameworksBuildPhase;
			buildActionMask = 2147483647;
			files = (
				A13D7BAD42B1541ACFDF0666 /* Pods_unitTest.framework in Frameworks */,
			);
			runOnlyForDeploymentPostprocessing = 0;
		};
		8D9ED6232D79A0CD00AB3875 /* Frameworks */ = {
			isa = PBXFrameworksBuildPhase;
			buildActionMask = 2147483647;
			files = (
				472EF0A2F379206A62AF0BCB /* Pods_unitTestTests.framework in Frameworks */,
			);
			runOnlyForDeploymentPostprocessing = 0;
		};
		8D9ED62D2D79A0CD00AB3875 /* Frameworks */ = {
			isa = PBXFrameworksBuildPhase;
			buildActionMask = 2147483647;
			files = (
				CF50467640B066F1C0D40A28 /* Pods_unitTest_unitTestUITests.framework in Frameworks */,
			);
			runOnlyForDeploymentPostprocessing = 0;
		};
/* End PBXFrameworksBuildPhase section */

/* Begin PBXGroup section */
		3BBBE0EE844B208E552F340D /* Pods */ = {
			isa = PBXGroup;
			children = (
				9B8158FAB9ACA693AC99AC24 /* Pods-unitTest.debug.xcconfig */,
				F7DE708BC7B14A1FBA40979A /* Pods-unitTest.release.xcconfig */,
				73A2D46D0DD13E03827C68F6 /* Pods-unitTest-unitTestUITests.debug.xcconfig */,
				B57D3C613F9B47B9FFCD4E37 /* Pods-unitTest-unitTestUITests.release.xcconfig */,
				95FF8C68C8BF34AE858EB1D9 /* Pods-unitTestTests.debug.xcconfig */,
				7F80EF437957B0CA7C31CAFB /* Pods-unitTestTests.release.xcconfig */,
			);
			path = Pods;
			sourceTree = "<group>";
		};
		8D9ED6072D79A0CB00AB3875 = {
			isa = PBXGroup;
			children = (
				8D9ED6122D79A0CB00AB3875 /* unitTest */,
				8D9ED6292D79A0CD00AB3875 /* unitTestTests */,
				8D9ED6332D79A0CD00AB3875 /* unitTestUITests */,
				8D9ED6112D79A0CB00AB3875 /* Products */,
				3BBBE0EE844B208E552F340D /* Pods */,
				DD7AE527AD8CED1DDF28FECA /* Frameworks */,
			);
			sourceTree = "<group>";
		};
		8D9ED6112D79A0CB00AB3875 /* Products */ = {
			isa = PBXGroup;
			children = (
				8D9ED6102D79A0CB00AB3875 /* unitTest.app */,
				8D9ED6262D79A0CD00AB3875 /* unitTestTests.xctest */,
				8D9ED6302D79A0CD00AB3875 /* unitTestUITests.xctest */,
			);
			name = Products;
			sourceTree = "<group>";
		};
		DD7AE527AD8CED1DDF28FECA /* Frameworks */ = {
			isa = PBXGroup;
			children = (
				7342751EAC2918BD9E209223 /* Pods_unitTest.framework */,
				DBC24A3918B6002D136D83EA /* Pods_unitTest_unitTestUITests.framework */,
				B424F647785F7A38866E075A /* Pods_unitTestTests.framework */,
			);
			name = Frameworks;
			sourceTree = "<group>";
		};
/* End PBXGroup section */

/* Begin PBXNativeTarget section */
		8D9ED60F2D79A0CB00AB3875 /* unitTest */ = {
			isa = PBXNativeTarget;
			buildConfigurationList = 8D9ED6392D79A0CD00AB3875 /* Build configuration list for PBXNativeTarget "unitTest" */;
			buildPhases = (
				0BC9CD89047DC8D9D3EEC8AF /* [CP] Check Pods Manifest.lock */,
				8D9ED60C2D79A0CB00AB3875 /* Sources */,
				8D9ED60D2D79A0CB00AB3875 /* Frameworks */,
				8D9ED60E2D79A0CB00AB3875 /* Resources */,
				D0CF80C3E11CD97A673117D2 /* [CP] Embed Pods Frameworks */,
			);
			buildRules = (
			);
			dependencies = (
			);
			fileSystemSynchronizedGroups = (
				8D9ED6122D79A0CB00AB3875 /* unitTest */,
			);
			name = unitTest;
			productName = unitTest;
			productReference = 8D9ED6102D79A0CB00AB3875 /* unitTest.app */;
			productType = "com.apple.product-type.application";
		};
		8D9ED6252D79A0CD00AB3875 /* unitTestTests */ = {
			isa = PBXNativeTarget;
			buildConfigurationList = 8D9ED63E2D79A0CD00AB3875 /* Build configuration list for PBXNativeTarget "unitTestTests" */;
			buildPhases = (
				65D8246C0F349EBC2E38396B /* [CP] Check Pods Manifest.lock */,
				8D9ED6222D79A0CD00AB3875 /* Sources */,
				8D9ED6232D79A0CD00AB3875 /* Frameworks */,
				8D9ED6242D79A0CD00AB3875 /* Resources */,
			);
			buildRules = (
			);
			dependencies = (
				8D9ED6282D79A0CD00AB3875 /* PBXTargetDependency */,
			);
			fileSystemSynchronizedGroups = (
				8D9ED6292D79A0CD00AB3875 /* unitTestTests */,
			);
			name = unitTestTests;
			productName = unitTestTests;
			productReference = 8D9ED6262D79A0CD00AB3875 /* unitTestTests.xctest */;
			productType = "com.apple.product-type.bundle.unit-test";
		};
		8D9ED62F2D79A0CD00AB3875 /* unitTestUITests */ = {
			isa = PBXNativeTarget;
			buildConfigurationList = 8D9ED6412D79A0CD00AB3875 /* Build configuration list for PBXNativeTarget "unitTestUITests" */;
			buildPhases = (
				AC901150AD73008C771540D9 /* [CP] Check Pods Manifest.lock */,
				8D9ED62C2D79A0CD00AB3875 /* Sources */,
				8D9ED62D2D79A0CD00AB3875 /* Frameworks */,
				8D9ED62E2D79A0CD00AB3875 /* Resources */,
				40CFDC90B0D771D3DDAF4CF0 /* [CP] Embed Pods Frameworks */,
			);
			buildRules = (
			);
			dependencies = (
				8D9ED6322D79A0CD00AB3875 /* PBXTargetDependency */,
			);
			fileSystemSynchronizedGroups = (
				8D9ED6332D79A0CD00AB3875 /* unitTestUITests */,
			);
			name = unitTestUITests;
			productName = unitTestUITests;
			productReference = 8D9ED6302D79A0CD00AB3875 /* unitTestUITests.xctest */;
			productType = "com.apple.product-type.bundle.ui-testing";
		};
/* End PBXNativeTarget section */

/* Begin PBXProject section */
		8D9ED6082D79A0CB00AB3875 /* Project object */ = {
			isa = PBXProject;
			attributes = {
				BuildIndependentTargetsInParallel = 1;
				LastSwiftUpdateCheck = 1610;
				LastUpgradeCheck = 1610;
				TargetAttributes = {
					8D9ED60F2D79A0CB00AB3875 = {
						CreatedOnToolsVersion = 16.1;
					};
					8D9ED6252D79A0CD00AB3875 = {
						CreatedOnToolsVersion = 16.1;
						TestTargetID = 8D9ED60F2D79A0CB00AB3875;
					};
					8D9ED62F2D79A0CD00AB3875 = {
						CreatedOnToolsVersion = 16.1;
						TestTargetID = 8D9ED60F2D79A0CB00AB3875;
					};
				};
			};
			buildConfigurationList = 8D9ED60B2D79A0CB00AB3875 /* Build configuration list for PBXProject "unitTest" */;
			developmentRegion = en;
			hasScannedForEncodings = 0;
			knownRegions = (
				en,
				Base,
			);
			mainGroup = 8D9ED6072D79A0CB00AB3875;
			minimizedProjectReferenceProxies = 1;
			preferredProjectObjectVersion = 77;
			productRefGroup = 8D9ED6112D79A0CB00AB3875 /* Products */;
			projectDirPath = "";
			projectRoot = "";
			targets = (
				8D9ED60F2D79A0CB00AB3875 /* unitTest */,
				8D9ED6252D79A0CD00AB3875 /* unitTestTests */,
				8D9ED62F2D79A0CD00AB3875 /* unitTestUITests */,
			);
		};
/* End PBXProject section */

/* Begin PBXResourcesBuildPhase section */
		8D9ED60E2D79A0CB00AB3875 /* Resources */ = {
			isa = PBXResourcesBuildPhase;
			buildActionMask = 2147483647;
			files = (
			);
			runOnlyForDeploymentPostprocessing = 0;
		};
		8D9ED6242D79A0CD00AB3875 /* Resources */ = {
			isa = PBXResourcesBuildPhase;
			buildActionMask = 2147483647;
			files = (
			);
			runOnlyForDeploymentPostprocessing = 0;
		};
		8D9ED62E2D79A0CD00AB3875 /* Resources */ = {
			isa = PBXResourcesBuildPhase;
			buildActionMask = 2147483647;
			files = (
			);
			runOnlyForDeploymentPostprocessing = 0;
		};
/* End PBXResourcesBuildPhase section */

/* Begin PBXShellScriptBuildPhase section */
		0BC9CD89047DC8D9D3EEC8AF /* [CP] Check Pods Manifest.lock */ = {
			isa = PBXShellScriptBuildPhase;
			buildActionMask = 2147483647;
			files = (
			);
			inputFileListPaths = (
			);
			inputPaths = (
				"${PODS_PODFILE_DIR_PATH}/Podfile.lock",
				"${PODS_ROOT}/Manifest.lock",
			);
			name = "[CP] Check Pods Manifest.lock";
			outputFileListPaths = (
			);
			outputPaths = (
				"$(DERIVED_FILE_DIR)/Pods-unitTest-checkManifestLockResult.txt",
			);
			runOnlyForDeploymentPostprocessing = 0;
			shellPath = /bin/sh;
			shellScript = "diff \"${PODS_PODFILE_DIR_PATH}/Podfile.lock\" \"${PODS_ROOT}/Manifest.lock\" > /dev/null\nif [ $? != 0 ] ; then\n    # print error to STDERR\n    echo \"error: The sandbox is not in sync with the Podfile.lock. Run 'pod install' or update your CocoaPods installation.\" >&2\n    exit 1\nfi\n# This output is used by Xcode 'outputs' to avoid re-running this script phase.\necho \"SUCCESS\" > \"${SCRIPT_OUTPUT_FILE_0}\"\n";
			showEnvVarsInLog = 0;
		};
		40CFDC90B0D771D3DDAF4CF0 /* [CP] Embed Pods Frameworks */ = {
			isa = PBXShellScriptBuildPhase;
			buildActionMask = 2147483647;
			files = (
			);
			inputFileListPaths = (
				"${PODS_ROOT}/Target Support Files/Pods-unitTest-unitTestUITests/Pods-unitTest-unitTestUITests-frameworks-${CONFIGURATION}-input-files.xcfilelist",
			);
			name = "[CP] Embed Pods Frameworks";
			outputFileListPaths = (
				"${PODS_ROOT}/Target Support Files/Pods-unitTest-unitTestUITests/Pods-unitTest-unitTestUITests-frameworks-${CONFIGURATION}-output-files.xcfilelist",
			);
			runOnlyForDeploymentPostprocessing = 0;
			shellPath = /bin/sh;
			shellScript = "\"${PODS_ROOT}/Target Support Files/Pods-unitTest-unitTestUITests/Pods-unitTest-unitTestUITests-frameworks.sh\"\n";
			showEnvVarsInLog = 0;
		};
		65D8246C0F349EBC2E38396B /* [CP] Check Pods Manifest.lock */ = {
			isa = PBXShellScriptBuildPhase;
			buildActionMask = 2147483647;
			files = (
			);
			inputFileListPaths = (
			);
			inputPaths = (
				"${PODS_PODFILE_DIR_PATH}/Podfile.lock",
				"${PODS_ROOT}/Manifest.lock",
			);
			name = "[CP] Check Pods Manifest.lock";
			outputFileListPaths = (
			);
			outputPaths = (
				"$(DERIVED_FILE_DIR)/Pods-unitTestTests-checkManifestLockResult.txt",
			);
			runOnlyForDeploymentPostprocessing = 0;
			shellPath = /bin/sh;
			shellScript = "diff \"${PODS_PODFILE_DIR_PATH}/Podfile.lock\" \"${PODS_ROOT}/Manifest.lock\" > /dev/null\nif [ $? != 0 ] ; then\n    # print error to STDERR\n    echo \"error: The sandbox is not in sync with the Podfile.lock. Run 'pod install' or update your CocoaPods installation.\" >&2\n    exit 1\nfi\n# This output is used by Xcode 'outputs' to avoid re-running this script phase.\necho \"SUCCESS\" > \"${SCRIPT_OUTPUT_FILE_0}\"\n";
			showEnvVarsInLog = 0;
		};
		AC901150AD73008C771540D9 /* [CP] Check Pods Manifest.lock */ = {
			isa = PBXShellScriptBuildPhase;
			buildActionMask = 2147483647;
			files = (
			);
			inputFileListPaths = (
			);
			inputPaths = (
				"${PODS_PODFILE_DIR_PATH}/Podfile.lock",
				"${PODS_ROOT}/Manifest.lock",
			);
			name = "[CP] Check Pods Manifest.lock";
			outputFileListPaths = (
			);
			outputPaths = (
				"$(DERIVED_FILE_DIR)/Pods-unitTest-unitTestUITests-checkManifestLockResult.txt",
			);
			runOnlyForDeploymentPostprocessing = 0;
			shellPath = /bin/sh;
			shellScript = "diff \"${PODS_PODFILE_DIR_PATH}/Podfile.lock\" \"${PODS_ROOT}/Manifest.lock\" > /dev/null\nif [ $? != 0 ] ; then\n    # print error to STDERR\n    echo \"error: The sandbox is not in sync with the Podfile.lock. Run 'pod install' or update your CocoaPods installation.\" >&2\n    exit 1\nfi\n# This output is used by Xcode 'outputs' to avoid re-running this script phase.\necho \"SUCCESS\" > \"${SCRIPT_OUTPUT_FILE_0}\"\n";
			showEnvVarsInLog = 0;
		};
		D0CF80C3E11CD97A673117D2 /* [CP] Embed Pods Frameworks */ = {
			isa = PBXShellScriptBuildPhase;
			buildActionMask = 2147483647;
			files = (
			);
			inputFileListPaths = (
				"${PODS_ROOT}/Target Support Files/Pods-unitTest/Pods-unitTest-frameworks-${CONFIGURATION}-input-files.xcfilelist",
			);
			name = "[CP] Embed Pods Frameworks";
			outputFileListPaths = (
				"${PODS_ROOT}/Target Support Files/Pods-unitTest/Pods-unitTest-frameworks-${CONFIGURATION}-output-files.xcfilelist",
			);
			runOnlyForDeploymentPostprocessing = 0;
			shellPath = /bin/sh;
			shellScript = "\"${PODS_ROOT}/Target Support Files/Pods-unitTest/Pods-unitTest-frameworks.sh\"\n";
			showEnvVarsInLog = 0;
		};
/* End PBXShellScriptBuildPhase section */

/* Begin PBXSourcesBuildPhase section */
		8D9ED60C2D79A0CB00AB3875 /* Sources */ = {
			isa = PBXSourcesBuildPhase;
			buildActionMask = 2147483647;
			files = (
			);
			runOnlyForDeploymentPostprocessing = 0;
		};
		8D9ED6222D79A0CD00AB3875 /* Sources */ = {
			isa = PBXSourcesBuildPhase;
			buildActionMask = 2147483647;
			files = (
			);
			runOnlyForDeploymentPostprocessing = 0;
		};
		8D9ED62C2D79A0CD00AB3875 /* Sources */ = {
			isa = PBXSourcesBuildPhase;
			buildActionMask = 2147483647;
			files = (
			);
			runOnlyForDeploymentPostprocessing = 0;
		};
/* End PBXSourcesBuildPhase section */

/* Begin PBXTargetDependency section */
		8D9ED6282D79A0CD00AB3875 /* PBXTargetDependency */ = {
			isa = PBXTargetDependency;
			target = 8D9ED60F2D79A0CB00AB3875 /* unitTest */;
			targetProxy = 8D9ED6272D79A0CD00AB3875 /* PBXContainerItemProxy */;
		};
		8D9ED6322D79A0CD00AB3875 /* PBXTargetDependency */ = {
			isa = PBXTargetDependency;
			target = 8D9ED60F2D79A0CB00AB3875 /* unitTest */;
			targetProxy = 8D9ED6312D79A0CD00AB3875 /* PBXContainerItemProxy */;
		};
/* End PBXTargetDependency section */

/* Begin XCBuildConfiguration section */
		8D9ED63A2D79A0CD00AB3875 /* Debug */ = {
			isa = XCBuildConfiguration;
			baseConfigurationReference = 9B8158FAB9ACA693AC99AC24 /* Pods-unitTest.debug.xcconfig */;
			buildSettings = {
				ASSETCATALOG_COMPILER_APPICON_NAME = AppIcon;
				ASSETCATALOG_COMPILER_GLOBAL_ACCENT_COLOR_NAME = AccentColor;
				CODE_SIGN_STYLE = Automatic;
				CURRENT_PROJECT_VERSION = 1;
				DEVELOPMENT_TEAM = 9U8PYJFN94;
				ENABLE_USER_SCRIPT_SANDBOXING = NO;
				GENERATE_INFOPLIST_FILE = YES;
				INFOPLIST_FILE = unitTest/Info.plist;
				INFOPLIST_KEY_UIApplicationSupportsIndirectInputEvents = YES;
				INFOPLIST_KEY_UILaunchStoryboardName = LaunchScreen;
				INFOPLIST_KEY_UIMainStoryboardFile = Main;
				INFOPLIST_KEY_UISupportedInterfaceOrientations_iPad = "UIInterfaceOrientationPortrait UIInterfaceOrientationPortraitUpsideDown UIInterfaceOrientationLandscapeLeft UIInterfaceOrientationLandscapeRight";
				INFOPLIST_KEY_UISupportedInterfaceOrientations_iPhone = "UIInterfaceOrientationPortrait UIInterfaceOrientationLandscapeLeft UIInterfaceOrientationLandscapeRight";
				LD_RUNPATH_SEARCH_PATHS = (
					"$(inherited)",
					"@executable_path/Frameworks",
				);
				MARKETING_VERSION = 1.0;
				PRODUCT_BUNDLE_IDENTIFIER = somsak.unitTest;
				PRODUCT_NAME = "$(TARGET_NAME)";
				SWIFT_EMIT_LOC_STRINGS = YES;
				SWIFT_VERSION = 5.0;
				TARGETED_DEVICE_FAMILY = "1,2";
			};
			name = Debug;
		};
		8D9ED63B2D79A0CD00AB3875 /* Release */ = {
			isa = XCBuildConfiguration;
			baseConfigurationReference = F7DE708BC7B14A1FBA40979A /* Pods-unitTest.release.xcconfig */;
			buildSettings = {
				ASSETCATALOG_COMPILER_APPICON_NAME = AppIcon;
				ASSETCATALOG_COMPILER_GLOBAL_ACCENT_COLOR_NAME = AccentColor;
				CODE_SIGN_STYLE = Automatic;
				CURRENT_PROJECT_VERSION = 1;
				DEVELOPMENT_TEAM = 9U8PYJFN94;
				ENABLE_USER_SCRIPT_SANDBOXING = NO;
				GENERATE_INFOPLIST_FILE = YES;
				INFOPLIST_FILE = unitTest/Info.plist;
				INFOPLIST_KEY_UIApplicationSupportsIndirectInputEvents = YES;
				INFOPLIST_KEY_UILaunchStoryboardName = LaunchScreen;
				INFOPLIST_KEY_UIMainStoryboardFile = Main;
				INFOPLIST_KEY_UISupportedInterfaceOrientations_iPad = "UIInterfaceOrientationPortrait UIInterfaceOrientationPortraitUpsideDown UIInterfaceOrientationLandscapeLeft UIInterfaceOrientationLandscapeRight";
				INFOPLIST_KEY_UISupportedInterfaceOrientations_iPhone = "UIInterfaceOrientationPortrait UIInterfaceOrientationLandscapeLeft UIInterfaceOrientationLandscapeRight";
				LD_RUNPATH_SEARCH_PATHS = (
					"$(inherited)",
					"@executable_path/Frameworks",
				);
				MARKETING_VERSION = 1.0;
				PRODUCT_BUNDLE_IDENTIFIER = somsak.unitTest;
				PRODUCT_NAME = "$(TARGET_NAME)";
				SWIFT_EMIT_LOC_STRINGS = YES;
				SWIFT_VERSION = 5.0;
				TARGETED_DEVICE_FAMILY = "1,2";
			};
			name = Release;
		};
		8D9ED63C2D79A0CD00AB3875 /* Debug */ = {
			isa = XCBuildConfiguration;
			buildSettings = {
				ALWAYS_SEARCH_USER_PATHS = NO;
				ASSETCATALOG_COMPILER_GENERATE_SWIFT_ASSET_SYMBOL_EXTENSIONS = YES;
				CLANG_ANALYZER_NONNULL = YES;
				CLANG_ANALYZER_NUMBER_OBJECT_CONVERSION = YES_AGGRESSIVE;
				CLANG_CXX_LANGUAGE_STANDARD = "gnu++20";
				CLANG_ENABLE_MODULES = YES;
				CLANG_ENABLE_OBJC_ARC = YES;
				CLANG_ENABLE_OBJC_WEAK = YES;
				CLANG_WARN_BLOCK_CAPTURE_AUTORELEASING = YES;
				CLANG_WARN_BOOL_CONVERSION = YES;
				CLANG_WARN_COMMA = YES;
				CLANG_WARN_CONSTANT_CONVERSION = YES;
				CLANG_WARN_DEPRECATED_OBJC_IMPLEMENTATIONS = YES;
				CLANG_WARN_DIRECT_OBJC_ISA_USAGE = YES_ERROR;
				CLANG_WARN_DOCUMENTATION_COMMENTS = YES;
				CLANG_WARN_EMPTY_BODY = YES;
				CLANG_WARN_ENUM_CONVERSION = YES;
				CLANG_WARN_INFINITE_RECURSION = YES;
				CLANG_WARN_INT_CONVERSION = YES;
				CLANG_WARN_NON_LITERAL_NULL_CONVERSION = YES;
				CLANG_WARN_OBJC_IMPLICIT_RETAIN_SELF = YES;
				CLANG_WARN_OBJC_LITERAL_CONVERSION = YES;
				CLANG_WARN_OBJC_ROOT_CLASS = YES_ERROR;
				CLANG_WARN_QUOTED_INCLUDE_IN_FRAMEWORK_HEADER = YES;
				CLANG_WARN_RANGE_LOOP_ANALYSIS = YES;
				CLANG_WARN_STRICT_PROTOTYPES = YES;
				CLANG_WARN_SUSPICIOUS_MOVE = YES;
				CLANG_WARN_UNGUARDED_AVAILABILITY = YES_AGGRESSIVE;
				CLANG_WARN_UNREACHABLE_CODE = YES;
				CLANG_WARN__DUPLICATE_METHOD_MATCH = YES;
				COPY_PHASE_STRIP = NO;
				DEBUG_INFORMATION_FORMAT = dwarf;
				ENABLE_STRICT_OBJC_MSGSEND = YES;
				ENABLE_TESTABILITY = YES;
				ENABLE_USER_SCRIPT_SANDBOXING = YES;
				GCC_C_LANGUAGE_STANDARD = gnu17;
				GCC_DYNAMIC_NO_PIC = NO;
				GCC_NO_COMMON_BLOCKS = YES;
				GCC_OPTIMIZATION_LEVEL = 0;
				GCC_PREPROCESSOR_DEFINITIONS = (
					"DEBUG=1",
					"$(inherited)",
				);
				GCC_WARN_64_TO_32_BIT_CONVERSION = YES;
				GCC_WARN_ABOUT_RETURN_TYPE = YES_ERROR;
				GCC_WARN_UNDECLARED_SELECTOR = YES;
				GCC_WARN_UNINITIALIZED_AUTOS = YES_AGGRESSIVE;
				GCC_WARN_UNUSED_FUNCTION = YES;
				GCC_WARN_UNUSED_VARIABLE = YES;
				IPHONEOS_DEPLOYMENT_TARGET = 18.1;
				LOCALIZATION_PREFERS_STRING_CATALOGS = YES;
				MTL_ENABLE_DEBUG_INFO = INCLUDE_SOURCE;
				MTL_FAST_MATH = YES;
				ONLY_ACTIVE_ARCH = YES;
				SDKROOT = iphoneos;
				SWIFT_ACTIVE_COMPILATION_CONDITIONS = "DEBUG $(inherited)";
				SWIFT_OPTIMIZATION_LEVEL = "-Onone";
			};
			name = Debug;
		};
		8D9ED63D2D79A0CD00AB3875 /* Release */ = {
			isa = XCBuildConfiguration;
			buildSettings = {
				ALWAYS_SEARCH_USER_PATHS = NO;
				ASSETCATALOG_COMPILER_GENERATE_SWIFT_ASSET_SYMBOL_EXTENSIONS = YES;
				CLANG_ANALYZER_NONNULL = YES;
				CLANG_ANALYZER_NUMBER_OBJECT_CONVERSION = YES_AGGRESSIVE;
				CLANG_CXX_LANGUAGE_STANDARD = "gnu++20";
				CLANG_ENABLE_MODULES = YES;
				CLANG_ENABLE_OBJC_ARC = YES;
				CLANG_ENABLE_OBJC_WEAK = YES;
				CLANG_WARN_BLOCK_CAPTURE_AUTORELEASING = YES;
				CLANG_WARN_BOOL_CONVERSION = YES;
				CLANG_WARN_COMMA = YES;
				CLANG_WARN_CONSTANT_CONVERSION = YES;
				CLANG_WARN_DEPRECATED_OBJC_IMPLEMENTATIONS = YES;
				CLANG_WARN_DIRECT_OBJC_ISA_USAGE = YES_ERROR;
				CLANG_WARN_DOCUMENTATION_COMMENTS = YES;
				CLANG_WARN_EMPTY_BODY = YES;
				CLANG_WARN_ENUM_CONVERSION = YES;
				CLANG_WARN_INFINITE_RECURSION = YES;
				CLANG_WARN_INT_CONVERSION = YES;
				CLANG_WARN_NON_LITERAL_NULL_CONVERSION = YES;
				CLANG_WARN_OBJC_IMPLICIT_RETAIN_SELF = YES;
				CLANG_WARN_OBJC_LITERAL_CONVERSION = YES;
				CLANG_WARN_OBJC_ROOT_CLASS = YES_ERROR;
				CLANG_WARN_QUOTED_INCLUDE_IN_FRAMEWORK_HEADER = YES;
				CLANG_WARN_RANGE_LOOP_ANALYSIS = YES;
				CLANG_WARN_STRICT_PROTOTYPES = YES;
				CLANG_WARN_SUSPICIOUS_MOVE = YES;
				CLANG_WARN_UNGUARDED_AVAILABILITY = YES_AGGRESSIVE;
				CLANG_WARN_UNREACHABLE_CODE = YES;
				CLANG_WARN__DUPLICATE_METHOD_MATCH = YES;
				COPY_PHASE_STRIP = NO;
				DEBUG_INFORMATION_FORMAT = "dwarf-with-dsym";
				ENABLE_NS_ASSERTIONS = NO;
				ENABLE_STRICT_OBJC_MSGSEND = YES;
				ENABLE_USER_SCRIPT_SANDBOXING = YES;
				GCC_C_LANGUAGE_STANDARD = gnu17;
				GCC_NO_COMMON_BLOCKS = YES;
				GCC_WARN_64_TO_32_BIT_CONVERSION = YES;
				GCC_WARN_ABOUT_RETURN_TYPE = YES_ERROR;
				GCC_WARN_UNDECLARED_SELECTOR = YES;
				GCC_WARN_UNINITIALIZED_AUTOS = YES_AGGRESSIVE;
				GCC_WARN_UNUSED_FUNCTION = YES;
				GCC_WARN_UNUSED_VARIABLE = YES;
				IPHONEOS_DEPLOYMENT_TARGET = 18.1;
				LOCALIZATION_PREFERS_STRING_CATALOGS = YES;
				MTL_ENABLE_DEBUG_INFO = NO;
				MTL_FAST_MATH = YES;
				SDKROOT = iphoneos;
				SWIFT_COMPILATION_MODE = wholemodule;
				VALIDATE_PRODUCT = YES;
			};
			name = Release;
		};
		8D9ED63F2D79A0CD00AB3875 /* Debug */ = {
			isa = XCBuildConfiguration;
			baseConfigurationReference = 95FF8C68C8BF34AE858EB1D9 /* Pods-unitTestTests.debug.xcconfig */;
			buildSettings = {
				BUNDLE_LOADER = "$(TEST_HOST)";
				CODE_SIGN_STYLE = Automatic;
				CURRENT_PROJECT_VERSION = 1;
				DEVELOPMENT_TEAM = 9U8PYJFN94;
				ENABLE_USER_SCRIPT_SANDBOXING = NO;
				GENERATE_INFOPLIST_FILE = YES;
				IPHONEOS_DEPLOYMENT_TARGET = 18.1;
				MARKETING_VERSION = 1.0;
				PRODUCT_BUNDLE_IDENTIFIER = somsak.unitTestTests;
				PRODUCT_NAME = "$(TARGET_NAME)";
				SWIFT_EMIT_LOC_STRINGS = NO;
				SWIFT_VERSION = 5.0;
				TARGETED_DEVICE_FAMILY = "1,2";
				TEST_HOST = "$(BUILT_PRODUCTS_DIR)/unitTest.app/$(BUNDLE_EXECUTABLE_FOLDER_PATH)/unitTest";
			};
			name = Debug;
		};
		8D9ED6402D79A0CD00AB3875 /* Release */ = {
			isa = XCBuildConfiguration;
			baseConfigurationReference = 7F80EF437957B0CA7C31CAFB /* Pods-unitTestTests.release.xcconfig */;
			buildSettings = {
				BUNDLE_LOADER = "$(TEST_HOST)";
				CODE_SIGN_STYLE = Automatic;
				CURRENT_PROJECT_VERSION = 1;
				DEVELOPMENT_TEAM = 9U8PYJFN94;
				ENABLE_USER_SCRIPT_SANDBOXING = NO;
				GENERATE_INFOPLIST_FILE = YES;
				IPHONEOS_DEPLOYMENT_TARGET = 18.1;
				MARKETING_VERSION = 1.0;
				PRODUCT_BUNDLE_IDENTIFIER = somsak.unitTestTests;
				PRODUCT_NAME = "$(TARGET_NAME)";
				SWIFT_EMIT_LOC_STRINGS = NO;
				SWIFT_VERSION = 5.0;
				TARGETED_DEVICE_FAMILY = "1,2";
				TEST_HOST = "$(BUILT_PRODUCTS_DIR)/unitTest.app/$(BUNDLE_EXECUTABLE_FOLDER_PATH)/unitTest";
			};
			name = Release;
		};
		8D9ED6422D79A0CD00AB3875 /* Debug */ = {
			isa = XCBuildConfiguration;
			baseConfigurationReference = 73A2D46D0DD13E03827C68F6 /* Pods-unitTest-unitTestUITests.debug.xcconfig */;
			buildSettings = {
				CODE_SIGN_STYLE = Automatic;
				CURRENT_PROJECT_VERSION = 1;
				DEVELOPMENT_TEAM = 9U8PYJFN94;
				ENABLE_USER_SCRIPT_SANDBOXING = NO;
				GENERATE_INFOPLIST_FILE = YES;
				MARKETING_VERSION = 1.0;
				PRODUCT_BUNDLE_IDENTIFIER = somsak.unitTestUITests;
				PRODUCT_NAME = "$(TARGET_NAME)";
				SWIFT_EMIT_LOC_STRINGS = NO;
				SWIFT_VERSION = 5.0;
				TARGETED_DEVICE_FAMILY = "1,2";
				TEST_TARGET_NAME = unitTest;
			};
			name = Debug;
		};
		8D9ED6432D79A0CD00AB3875 /* Release */ = {
			isa = XCBuildConfiguration;
			baseConfigurationReference = B57D3C613F9B47B9FFCD4E37 /* Pods-unitTest-unitTestUITests.release.xcconfig */;
			buildSettings = {
				CODE_SIGN_STYLE = Automatic;
				CURRENT_PROJECT_VERSION = 1;
				DEVELOPMENT_TEAM = 9U8PYJFN94;
				ENABLE_USER_SCRIPT_SANDBOXING = NO;
				GENERATE_INFOPLIST_FILE = YES;
				MARKETING_VERSION = 1.0;
				PRODUCT_BUNDLE_IDENTIFIER = somsak.unitTestUITests;
				PRODUCT_NAME = "$(TARGET_NAME)";
				SWIFT_EMIT_LOC_STRINGS = NO;
				SWIFT_VERSION = 5.0;
				TARGETED_DEVICE_FAMILY = "1,2";
				TEST_TARGET_NAME = unitTest;
			};
			name = Release;
		};
/* End XCBuildConfiguration section */

/* Begin XCConfigurationList section */
		8D9ED60B2D79A0CB00AB3875 /* Build configuration list for PBXProject "unitTest" */ = {
			isa = XCConfigurationList;
			buildConfigurations = (
				8D9ED63C2D79A0CD00AB3875 /* Debug */,
				8D9ED63D2D79A0CD00AB3875 /* Release */,
			);
			defaultConfigurationIsVisible = 0;
			defaultConfigurationName = Release;
		};
		8D9ED6392D79A0CD00AB3875 /* Build configuration list for PBXNativeTarget "unitTest" */ = {
			isa = XCConfigurationList;
			buildConfigurations = (
				8D9ED63A2D79A0CD00AB3875 /* Debug */,
				8D9ED63B2D79A0CD00AB3875 /* Release */,
			);
			defaultConfigurationIsVisible = 0;
			defaultConfigurationName = Release;
		};
		8D9ED63E2D79A0CD00AB3875 /* Build configuration list for PBXNativeTarget "unitTestTests" */ = {
			isa = XCConfigurationList;
			buildConfigurations = (
				8D9ED63F2D79A0CD00AB3875 /* Debug */,
				8D9ED6402D79A0CD00AB3875 /* Release */,
			);
			defaultConfigurationIsVisible = 0;
			defaultConfigurationName = Release;
		};
		8D9ED6412D79A0CD00AB3875 /* Build configuration list for PBXNativeTarget "unitTestUITests" */ = {
			isa = XCConfigurationList;
			buildConfigurations = (
				8D9ED6422D79A0CD00AB3875 /* Debug */,
				8D9ED6432D79A0CD00AB3875 /* Release */,
			);
			defaultConfigurationIsVisible = 0;
			defaultConfigurationName = Release;
		};
/* End XCConfigurationList section */
	};
	rootObject = 8D9ED6082D79A0CB00AB3875 /* Project object */;
}
